
Microsoft Visual Studio Solution File, Format Version 12.00
# Visual Studio Version 17
VisualStudioVersion = 17.3.32929.385
MinimumVisualStudioVersion = 10.0.40219.1
Project("{9A19103F-16F7-4668-BE54-9A1E7A4F7556}") = "SimCogen", "SimCogen\SimCogen.csproj", "{E563005A-4DB0-4A49-8762-1EB59FFB90DA}"
EndProject
Project("{FAE04EC0-301F-11D3-BF4B-00C04F79EFBC}") = "SimFCCM", "SimFCCM\SimFCCM.csproj", "{BB446CA1-F651-4850-8DCD-EAFC91557CE8}"
EndProject
Global
	GlobalSection(SolutionConfigurationPlatforms) = preSolution
		Debug|Any CPU = Debug|Any CPU
		Release|Any CPU = Release|Any CPU
	EndGlobalSection
	GlobalSection(ProjectConfigurationPlatforms) = postSolution
		{E563005A-4DB0-4A49-8762-1EB59FFB90DA}.Debug|Any CPU.ActiveCfg = Debug|Any CPU
		{E563005A-4DB0-4A49-8762-1EB59FFB90DA}.Debug|Any CPU.Build.0 = Debug|Any CPU
		{E563005A-4DB0-4A49-8762-1EB59FFB90DA}.Release|Any CPU.ActiveCfg = Release|Any CPU
		{E563005A-4DB0-4A49-8762-1EB59FFB90DA}.Release|Any CPU.Build.0 = Release|Any CPU
		{BB446CA1-F651-4850-8DCD-EAFC91557CE8}.Debug|Any CPU.ActiveCfg = Debug|Any CPU
		{BB446CA1-F651-4850-8DCD-EAFC91557CE8}.Debug|Any CPU.Build.0 = Debug|Any CPU
		{BB446CA1-F651-4850-8DCD-EAFC91557CE8}.Release|Any CPU.ActiveCfg = Release|Any CPU
		{BB446CA1-F651-4850-8DCD-EAFC91557CE8}.Release|Any CPU.Build.0 = Release|Any CPU
	EndGlobalSection
	GlobalSection(SolutionProperties) = preSolution
		HideSolutionNode = FALSE
	EndGlobalSection
	GlobalSection(ExtensibilityGlobals) = postSolution
		SolutionGuid = {0EC34D2E-7AD9-4C4D-9992-D985FFF2EE44}
	EndGlobalSection
EndGlobal
